version: 6
environments:
  default:
    channels:
    - url: https://conda.anaconda.org/conda-forge/
    - url: https://prefix.dev/cheetah/
    packages:
      linux-64:
      - conda: https://prefix.dev/cheetah/linux-64/cheetah-0.2.3-hb0f4dca_0.conda
packages:
- conda: https://prefix.dev/cheetah/linux-64/cheetah-0.2.3-hb0f4dca_0.conda
  sha256: 90628841f119bc336893b3e7c295e9e6fca24f75304ab5d3e7c967a79b8bbc0f
  constrains:
  - __glibc >=2.17
  license: MIT
  size: 2501958
  timestamp: 1760205573275
