version: 6
environments:
  default:
    channels:
    - url: https://conda.anaconda.org/conda-forge/
    - url: https://prefix.dev/cheetah/
    packages:
      linux-64:
      - conda: ..
packages:
- conda: ..
  name: cheetah
  version: 0.3.2
  build: hbf21a9e_0
  subdir: linux-64
  constrains:
  - __glibc >=2.17
  input:
    hash: 1a56097cfd77b95427f9c21af0b94b45d6dad26af3638826d2a7a130783d222a
    globs: []
